
Microsoft Visual Studio Solution File, Format Version 12.00
# Visual Studio Version 17
VisualStudioVersion = 17.12.35506.116
MinimumVisualStudioVersion = 10.0.40219.1
Project("{FAE04EC0-301F-11D3-BF4B-00C04F79EFBC}") = "SL.Domain", "SL.Domain\SL.Domain.csproj", "{949D938F-458A-4ABE-A4F5-D349D219E6C8}"
EndProject
Project("{2150E333-8FDC-42A3-9474-1A3956D46DE8}") = "Presentation", "Presentation", "{0B6F3CAA-C921-45D0-B0B9-B13FD7942C2C}"
EndProject
Project("{2150E333-8FDC-42A3-9474-1A3956D46DE8}") = "Persistence", "Persistence", "{1DF60824-E0E5-43DB-AB56-708F8B0D5C76}"
EndProject
Project("{FAE04EC0-301F-11D3-BF4B-00C04F79EFBC}") = "SL.Application", "SL.Application\SL.Application.csproj", "{DEA2EB4F-6B09-41DA-952A-97B59C39DE5F}"
EndProject
Project("{FAE04EC0-301F-11D3-BF4B-00C04F79EFBC}") = "SL.Infrastructure", "SL.Infrastructure\SL.Infrastructure.csproj", "{EAA74165-75DD-405C-AFC8-1402C1827213}"
EndProject
Project("{FAE04EC0-301F-11D3-BF4B-00C04F79EFBC}") = "SL.Persistent", "Persistence\SL.Persistent\SL.Persistent.csproj", "{67AFFABB-E919-4E85-9814-46E36D964436}"
EndProject
Project("{FAE04EC0-301F-11D3-BF4B-00C04F79EFBC}") = "SL.StartAppPresentation", "Presentation\SL.StartAppPresentation\SL.StartAppPresentation.csproj", "{518A9DA7-25BE-457C-B868-CB34AE2A9051}"
EndProject
Project("{FAE04EC0-301F-11D3-BF4B-00C04F79EFBC}") = "SL.BlazorPresentation", "Presentation\SL.BlazorPresentation\SL.BlazorPresentation.csproj", "{B8306D9C-264D-4A1F-A214-DD371866D65C}"
EndProject
Project("{FAE04EC0-301F-11D3-BF4B-00C04F79EFBC}") = "SL.Testes", "SL.Testes\SL.Testes.csproj", "{AECA39EA-CF93-4FF8-9837-2534923701CD}"
EndProject
Global
	GlobalSection(SolutionConfigurationPlatforms) = preSolution
		Debug|Any CPU = Debug|Any CPU
		Release|Any CPU = Release|Any CPU
	EndGlobalSection
	GlobalSection(ProjectConfigurationPlatforms) = postSolution
		{949D938F-458A-4ABE-A4F5-D349D219E6C8}.Debug|Any CPU.ActiveCfg = Debug|Any CPU
		{949D938F-458A-4ABE-A4F5-D349D219E6C8}.Debug|Any CPU.Build.0 = Debug|Any CPU
		{949D938F-458A-4ABE-A4F5-D349D219E6C8}.Release|Any CPU.ActiveCfg = Release|Any CPU
		{949D938F-458A-4ABE-A4F5-D349D219E6C8}.Release|Any CPU.Build.0 = Release|Any CPU
		{DEA2EB4F-6B09-41DA-952A-97B59C39DE5F}.Debug|Any CPU.ActiveCfg = Debug|Any CPU
		{DEA2EB4F-6B09-41DA-952A-97B59C39DE5F}.Debug|Any CPU.Build.0 = Debug|Any CPU
		{DEA2EB4F-6B09-41DA-952A-97B59C39DE5F}.Release|Any CPU.ActiveCfg = Release|Any CPU
		{DEA2EB4F-6B09-41DA-952A-97B59C39DE5F}.Release|Any CPU.Build.0 = Release|Any CPU
		{EAA74165-75DD-405C-AFC8-1402C1827213}.Debug|Any CPU.ActiveCfg = Debug|Any CPU
		{EAA74165-75DD-405C-AFC8-1402C1827213}.Debug|Any CPU.Build.0 = Debug|Any CPU
		{EAA74165-75DD-405C-AFC8-1402C1827213}.Release|Any CPU.ActiveCfg = Release|Any CPU
		{EAA74165-75DD-405C-AFC8-1402C1827213}.Release|Any CPU.Build.0 = Release|Any CPU
		{67AFFABB-E919-4E85-9814-46E36D964436}.Debug|Any CPU.ActiveCfg = Debug|Any CPU
		{67AFFABB-E919-4E85-9814-46E36D964436}.Debug|Any CPU.Build.0 = Debug|Any CPU
		{67AFFABB-E919-4E85-9814-46E36D964436}.Release|Any CPU.ActiveCfg = Release|Any CPU
		{67AFFABB-E919-4E85-9814-46E36D964436}.Release|Any CPU.Build.0 = Release|Any CPU
		{518A9DA7-25BE-457C-B868-CB34AE2A9051}.Debug|Any CPU.ActiveCfg = Debug|Any CPU
		{518A9DA7-25BE-457C-B868-CB34AE2A9051}.Debug|Any CPU.Build.0 = Debug|Any CPU
		{518A9DA7-25BE-457C-B868-CB34AE2A9051}.Release|Any CPU.ActiveCfg = Release|Any CPU
		{518A9DA7-25BE-457C-B868-CB34AE2A9051}.Release|Any CPU.Build.0 = Release|Any CPU
		{B8306D9C-264D-4A1F-A214-DD371866D65C}.Debug|Any CPU.ActiveCfg = Debug|Any CPU
		{B8306D9C-264D-4A1F-A214-DD371866D65C}.Debug|Any CPU.Build.0 = Debug|Any CPU
		{B8306D9C-264D-4A1F-A214-DD371866D65C}.Release|Any CPU.ActiveCfg = Release|Any CPU
		{B8306D9C-264D-4A1F-A214-DD371866D65C}.Release|Any CPU.Build.0 = Release|Any CPU
		{AECA39EA-CF93-4FF8-9837-2534923701CD}.Debug|Any CPU.ActiveCfg = Debug|Any CPU
		{AECA39EA-CF93-4FF8-9837-2534923701CD}.Debug|Any CPU.Build.0 = Debug|Any CPU
		{AECA39EA-CF93-4FF8-9837-2534923701CD}.Release|Any CPU.ActiveCfg = Release|Any CPU
		{AECA39EA-CF93-4FF8-9837-2534923701CD}.Release|Any CPU.Build.0 = Release|Any CPU
	EndGlobalSection
	GlobalSection(SolutionProperties) = preSolution
		HideSolutionNode = FALSE
	EndGlobalSection
	GlobalSection(NestedProjects) = preSolution
		{67AFFABB-E919-4E85-9814-46E36D964436} = {1DF60824-E0E5-43DB-AB56-708F8B0D5C76}
		{518A9DA7-25BE-457C-B868-CB34AE2A9051} = {0B6F3CAA-C921-45D0-B0B9-B13FD7942C2C}
		{B8306D9C-264D-4A1F-A214-DD371866D65C} = {0B6F3CAA-C921-45D0-B0B9-B13FD7942C2C}
	EndGlobalSection
EndGlobal
